
Microsoft Visual Studio Solution File, Format Version 12.00
# Visual Studio Version 17
VisualStudioVersion = 17.0.32126.317
MinimumVisualStudioVersion = 10.0.40219.1
Project("{FAE04EC0-301F-11D3-BF4B-00C04F79EFBC}") = "cSharp_Tetris2", "cSharp_Tetris2\cSharp_Tetris2.csproj", "{B56F5653-89FE-45B8-8ACF-EE7DDCD0A5B3}"
EndProject
Global
	GlobalSection(SolutionConfigurationPlatforms) = preSolution
		Debug|Any CPU = Debug|Any CPU
		Debug|x64 = Debug|x64
		Release|Any CPU = Release|Any CPU
		Release|x64 = Release|x64
	EndGlobalSection
	GlobalSection(ProjectConfigurationPlatforms) = postSolution
		{B56F5653-89FE-45B8-8ACF-EE7DDCD0A5B3}.Debug|Any CPU.ActiveCfg = Debug|Any CPU
		{B56F5653-89FE-45B8-8ACF-EE7DDCD0A5B3}.Debug|Any CPU.Build.0 = Debug|Any CPU
		{B56F5653-89FE-45B8-8ACF-EE7DDCD0A5B3}.Debug|x64.ActiveCfg = Debug|x64
		{B56F5653-89FE-45B8-8ACF-EE7DDCD0A5B3}.Debug|x64.Build.0 = Debug|x64
		{B56F5653-89FE-45B8-8ACF-EE7DDCD0A5B3}.Release|Any CPU.ActiveCfg = Release|Any CPU
		{B56F5653-89FE-45B8-8ACF-EE7DDCD0A5B3}.Release|Any CPU.Build.0 = Release|Any CPU
		{B56F5653-89FE-45B8-8ACF-EE7DDCD0A5B3}.Release|x64.ActiveCfg = Release|x64
		{B56F5653-89FE-45B8-8ACF-EE7DDCD0A5B3}.Release|x64.Build.0 = Release|x64
	EndGlobalSection
	GlobalSection(SolutionProperties) = preSolution
		HideSolutionNode = FALSE
	EndGlobalSection
	GlobalSection(ExtensibilityGlobals) = postSolution
		SolutionGuid = {11647DE7-CC9B-4DA1-B7BB-7CC1FE551973}
	EndGlobalSection
EndGlobal
